
Microsoft Visual Studio Solution File, Format Version 12.00
# Visual Studio Version 17
VisualStudioVersion = 17.5.33424.131
MinimumVisualStudioVersion = 10.0.40219.1
Project("{FAE04EC0-301F-11D3-BF4B-00C04F79EFBC}") = "Project", "Project\Project.csproj", "{B24894F4-52C4-4510-B4DC-65D1AECE24DB}"
EndProject
Global
	GlobalSection(SolutionConfigurationPlatforms) = preSolution
		Debug|Any CPU = Debug|Any CPU
		Release|Any CPU = Release|Any CPU
	EndGlobalSection
	GlobalSection(ProjectConfigurationPlatforms) = postSolution
		{B24894F4-52C4-4510-B4DC-65D1AECE24DB}.Debug|Any CPU.ActiveCfg = Debug|Any CPU
		{B24894F4-52C4-4510-B4DC-65D1AECE24DB}.Debug|Any CPU.Build.0 = Debug|Any CPU
		{B24894F4-52C4-4510-B4DC-65D1AECE24DB}.Release|Any CPU.ActiveCfg = Release|Any CPU
		{B24894F4-52C4-4510-B4DC-65D1AECE24DB}.Release|Any CPU.Build.0 = Release|Any CPU
	EndGlobalSection
	GlobalSection(SolutionProperties) = preSolution
		HideSolutionNode = FALSE
	EndGlobalSection
	GlobalSection(ExtensibilityGlobals) = postSolution
		SolutionGuid = {A51B047E-ED37-4801-816F-05A8403FF2B4}
	EndGlobalSection
EndGlobal
